{
  "version": 4,
  "terraform_version": "1.6.3",
  "serial": 51,
  "lineage": "2a5f01f0-4dbb-2964-3ebe-69370a55337a",
  "outputs": {
    "alb_dns_name": {
      "value": "banking-peak-load-staging-983676688.us-east-1.elb.amazonaws.com",
      "type": "string"
    },
    "ecr_repository_url": {
      "value": "674095511305.dkr.ecr.us-east-1.amazonaws.com/banking-peak-load-staging",
      "type": "string"
    },
    "rabbitmq_endpoint": {
      "value": "localhost",
      "type": "string",
      "sensitive": true
    },
    "rds_primary_endpoint": {
      "value": "banking-peak-load-staging-primary.caiwqtcvnwea.us-east-1.rds.amazonaws.com:5432",
      "type": "string",
      "sensitive": true
    },
    "redis_endpoint": {
      "value": "banking-peak-load-staging.7dujtz.0001.use1.cache.amazonaws.com:6379",
      "type": "string",
      "sensitive": true
    }
  },
  "resources": [
    {
      "module": "module.alb",
      "mode": "managed",
      "type": "aws_lb",
      "name": "main",
      "provider": "provider[\"registry.terraform.io/hashicorp/aws\"]",
      "instances": [
        {
          "schema_version": 0,
          "attributes": {
            "access_logs": [
              {
                "bucket": "",
                "enabled": false,
                "prefix": ""
              }
            ],
            "arn": "arn:aws:elasticloadbalancing:us-east-1:674095511305:loadbalancer/app/banking-peak-load-staging/517e35ced2161162",
            "arn_suffix": "app/banking-peak-load-staging/517e35ced2161162",
            "client_keep_alive": 3600,
            "connection_logs": [
              {
                "bucket": "",
                "enabled": false,
                "prefix": ""
              }
            ],
            "customer_owned_ipv4_pool": "",
            "desync_mitigation_mode": "defensive",
            "dns_name": "banking-peak-load-staging-983676688.us-east-1.elb.amazonaws.com",
            "dns_record_client_routing_policy": null,
            "drop_invalid_header_fields": false,
            "enable_cross_zone_load_balancing": true,
            "enable_deletion_protection": false,
            "enable_http2": true,
            "enable_tls_version_and_cipher_suite_headers": false,
            "enable_waf_fail_open": false,
            "enable_xff_client_port": false,
            "enable_zonal_shift": false,
            "enforce_security_group_inbound_rules_on_private_link_traffic": "",
            "id": "arn:aws:elasticloadbalancing:us-east-1:674095511305:loadbalancer/app/banking-peak-load-staging/517e35ced2161162",
            "idle_timeout": 60,
            "internal": false,
            "ip_address_type": "ipv4",
            "ipam_pools": [],
            "load_balancer_type": "application",
            "minimum_load_balancer_capacity": [],
            "name": "banking-peak-load-staging",
            "name_prefix": "",
            "preserve_host_header": false,
            "security_groups": [
              "sg-0646312da7ab2b18a"
            ],
            "subnet_mapping": [
              {
                "allocation_id": "",
                "ipv6_address": "",
                "outpost_id": "",
                "private_ipv4_address": "",
                "subnet_id": "subnet-01097374bbe745e98"
              },
              {
                "allocation_id": "",
                "ipv6_address": "",
                "outpost_id": "",
                "private_ipv4_address": "",
                "subnet_id": "subnet-04f9bf9cf61393a72"
              }
            ],
            "subnets": [
              "subnet-01097374bbe745e98",
              "subnet-04f9bf9cf61393a72"
            ],
            "tags": {
              "Name": "banking-peak-load-staging-alb"
            },
            "tags_all": {
              "Environment": "staging",
              "ManagedBy": "terraform",
              "Name": "banking-peak-load-staging-alb",
              "Project": "banking-peak-load"
            },
            "timeouts": null,
            "vpc_id": "vpc-05eb0f2c95e957acb",
            "xff_header_processing_mode": "append",
            "zone_id": "Z35SXDOTRQ7X7K"
          },
          "sensitive_attributes": [],
          "private": "eyJlMmJmYjczMC1lY2FhLTExZTYtOGY4OC0zNDM2M2JjN2M0YzAiOnsiY3JlYXRlIjo2MDAwMDAwMDAwMDAsImRlbGV0ZSI6NjAwMDAwMDAwMDAwLCJ1cGRhdGUiOjYwMDAwMDAwMDAwMH19",
          "dependencies": [
            "module.alb.aws_security_group.alb"
          ]
        }
      ]
    },
    {
      "module": "module.alb",
      "mode": "managed",
      "type": "aws_lb_listener",
      "name": "http",
      "provider": "provider[\"registry.terraform.io/hashicorp/aws\"]",
      "instances": [
        {
          "schema_version": 0,
          "attributes": {
            "alpn_policy": null,
            "arn": "arn:aws:elasticloadbalancing:us-east-1:674095511305:listener/app/banking-peak-load-staging/517e35ced2161162/6bed906f1f81b3a0",
            "certificate_arn": null,
            "default_action": [
              {
                "authenticate_cognito": [],
                "authenticate_oidc": [],
                "fixed_response": [],
                "forward": [],
                "order": 1,
                "redirect": [],
                "target_group_arn": "arn:aws:elasticloadbalancing:us-east-1:674095511305:targetgroup/banking-peak-load-staging-tg/b0d897b47723ff22",
                "type": "forward"
              }
            ],
            "id": "arn:aws:elasticloadbalancing:us-east-1:674095511305:listener/app/banking-peak-load-staging/517e35ced2161162/6bed906f1f81b3a0",
            "load_balancer_arn": "arn:aws:elasticloadbalancing:us-east-1:674095511305:loadbalancer/app/banking-peak-load-staging/517e35ced2161162",
            "mutual_authentication": [],
            "port": 80,
            "protocol": "HTTP",
            "routing_http_request_x_amzn_mtls_clientcert_header_name": null,
            "routing_http_request_x_amzn_mtls_clientcert_issuer_header_name": null,
            "routing_http_request_x_amzn_mtls_clientcert_leaf_header_name": null,
            "routing_http_request_x_amzn_mtls_clientcert_serial_number_header_name": null,
            "routing_http_request_x_amzn_mtls_clientcert_subject_header_name": null,
            "routing_http_request_x_amzn_mtls_clientcert_validity_header_name": null,
            "routing_http_request_x_amzn_tls_cipher_suite_header_name": null,
            "routing_http_request_x_amzn_tls_version_header_name": null,
            "routing_http_response_access_control_allow_credentials_header_value": "",
            "routing_http_response_access_control_allow_headers_header_value": "",
            "routing_http_response_access_control_allow_methods_header_value": "",
            "routing_http_response_access_control_allow_origin_header_value": "",
            "routing_http_response_access_control_expose_headers_header_value": "",
            "routing_http_response_access_control_max_age_header_value": "",
            "routing_http_response_content_security_policy_header_value": "",
            "routing_http_response_server_enabled": true,
            "routing_http_response_strict_transport_security_header_value": "",
            "routing_http_response_x_content_type_options_header_value": "",
            "routing_http_response_x_frame_options_header_value": "",
            "ssl_policy": "",
            "tags": {},
            "tags_all": {
              "Environment": "staging",
              "ManagedBy": "terraform",
              "Project": "banking-peak-load"
            },
            "tcp_idle_timeout_seconds": null,
            "timeouts": null
          },
          "sensitive_attributes": [],
          "private": "eyJlMmJmYjczMC1lY2FhLTExZTYtOGY4OC0zNDM2M2JjN2M0YzAiOnsiY3JlYXRlIjozMDAwMDAwMDAwMDAsInVwZGF0ZSI6MzAwMDAwMDAwMDAwfX0=",
          "dependencies": [
            "module.alb.aws_lb.main",
            "module.alb.aws_lb_target_group.app",
            "module.alb.aws_security_group.alb"
          ]
        }
      ]
    },
    {
      "module": "module.alb",
      "mode": "managed",
      "type": "aws_lb_target_group",
      "name": "app",
      "provider": "provider[\"registry.terraform.io/hashicorp/aws\"]",
      "instances": [
        {
          "schema_version": 0,
          "attributes": {
            "arn": "arn:aws:elasticloadbalancing:us-east-1:674095511305:targetgroup/banking-peak-load-staging-tg/b0d897b47723ff22",
            "arn_suffix": "targetgroup/banking-peak-load-staging-tg/b0d897b47723ff22",
            "connection_termination": null,
            "deregistration_delay": "300",
            "health_check": [
              {
                "enabled": true,
                "healthy_threshold": 2,
                "interval": 15,
                "matcher": "200",
                "path": "/metrics",
                "port": "traffic-port",
                "protocol": "HTTP",
                "timeout": 5,
                "unhealthy_threshold": 3
              }
            ],
            "id": "arn:aws:elasticloadbalancing:us-east-1:674095511305:targetgroup/banking-peak-load-staging-tg/b0d897b47723ff22",
            "ip_address_type": "ipv4",
            "lambda_multi_value_headers_enabled": null,
            "load_balancer_arns": [
              "arn:aws:elasticloadbalancing:us-east-1:674095511305:loadbalancer/app/banking-peak-load-staging/517e35ced2161162"
            ],
            "load_balancing_algorithm_type": "round_robin",
            "load_balancing_anomaly_mitigation": "off",
            "load_balancing_cross_zone_enabled": "use_load_balancer_configuration",
            "name": "banking-peak-load-staging-tg",
            "name_prefix": "",
            "port": 8080,
            "preserve_client_ip": null,
            "protocol": "HTTP",
            "protocol_version": "HTTP1",
            "proxy_protocol_v2": null,
            "slow_start": 0,
            "stickiness": [
              {
                "cookie_duration": 86400,
                "cookie_name": "",
                "enabled": false,
                "type": "lb_cookie"
              }
            ],
            "tags": {},
            "tags_all": {
              "Environment": "staging",
              "ManagedBy": "terraform",
              "Project": "banking-peak-load"
            },
            "target_failover": [
              {
                "on_deregistration": null,
                "on_unhealthy": null
              }
            ],
            "target_group_health": [
              {
                "dns_failover": [
                  {
                    "minimum_healthy_targets_count": "1",
                    "minimum_healthy_targets_percentage": "off"
                  }
                ],
                "unhealthy_state_routing": [
                  {
                    "minimum_healthy_targets_count": 1,
                    "minimum_healthy_targets_percentage": "off"
                  }
                ]
              }
            ],
            "target_health_state": [
              {
                "enable_unhealthy_connection_termination": null,
                "unhealthy_draining_interval": null
              }
            ],
            "target_type": "instance",
            "vpc_id": "vpc-05eb0f2c95e957acb"
          },
          "sensitive_attributes": [],
          "private": "eyJzY2hlbWFfdmVyc2lvbiI6IjAifQ=="
        }
      ]
    },
    {
      "module": "module.alb",
      "mode": "managed",
      "type": "aws_security_group",
      "name": "alb",
      "provider": "provider[\"registry.terraform.io/hashicorp/aws\"]",
      "instances": [
        {
          "schema_version": 1,
          "attributes": {
            "arn": "arn:aws:ec2:us-east-1:674095511305:security-group/sg-0646312da7ab2b18a",
            "description": "Managed by Terraform",
            "egress": [
              {
                "cidr_blocks": [
                  "0.0.0.0/0"
                ],
                "description": "",
                "from_port": 0,
                "ipv6_cidr_blocks": [],
                "prefix_list_ids": [],
                "protocol": "-1",
                "security_groups": [],
                "self": false,
                "to_port": 0
              }
            ],
            "id": "sg-0646312da7ab2b18a",
            "ingress": [
              {
                "cidr_blocks": [
                  "0.0.0.0/0"
                ],
                "description": "",
                "from_port": 443,
                "ipv6_cidr_blocks": [],
                "prefix_list_ids": [],
                "protocol": "tcp",
                "security_groups": [],
                "self": false,
                "to_port": 443
              },
              {
                "cidr_blocks": [
                  "0.0.0.0/0"
                ],
                "description": "",
                "from_port": 80,
                "ipv6_cidr_blocks": [],
                "prefix_list_ids": [],
                "protocol": "tcp",
                "security_groups": [],
                "self": false,
                "to_port": 80
              }
            ],
            "name": "banking-peak-load-staging-alb-sg",
            "name_prefix": "",
            "owner_id": "674095511305",
            "revoke_rules_on_delete": null,
            "tags": {
              "Name": "banking-peak-load-staging-alb-sg"
            },
            "tags_all": {
              "Environment": "staging",
              "ManagedBy": "terraform",
              "Name": "banking-peak-load-staging-alb-sg",
              "Project": "banking-peak-load"
            },
            "timeouts": null,
            "vpc_id": "vpc-05eb0f2c95e957acb"
          },
          "sensitive_attributes": [],
          "private": "eyJlMmJmYjczMC1lY2FhLTExZTYtOGY4OC0zNDM2M2JjN2M0YzAiOnsiY3JlYXRlIjo2MDAwMDAwMDAwMDAsImRlbGV0ZSI6OTAwMDAwMDAwMDAwfSwic2NoZW1hX3ZlcnNpb24iOiIxIn0="
        }
      ]
    },
    {
      "module": "module.ec2",
      "mode": "data",
      "type": "aws_caller_identity",
      "name": "current",
      "provider": "provider[\"registry.terraform.io/hashicorp/aws\"]",
      "instances": [
        {
          "schema_version": 0,
          "attributes": {
            "account_id": "674095511305",
            "arn": "arn:aws:sts::674095511305:assumed-role/voclabs/user3507430=umarfadlan45@student.ub.ac.id",
            "id": "674095511305",
            "user_id": "AROAZZ4ZZG4E4BUJFFTRP:user3507430=umarfadlan45@student.ub.ac.id"
          },
          "sensitive_attributes": []
        }
      ]
    },
    {
      "module": "module.ec2",
      "mode": "data",
      "type": "aws_iam_instance_profile",
      "name": "lab",
      "provider": "provider[\"registry.terraform.io/hashicorp/aws\"]",
      "instances": [
        {
          "schema_version": 0,
          "attributes": {
            "arn": "arn:aws:iam::674095511305:instance-profile/LabInstanceProfile",
            "create_date": "2026-02-18 02:55:30 +0000 UTC",
            "id": "AIPAZZ4ZZG4E3PWW62KBV",
            "name": "LabInstanceProfile",
            "path": "/",
            "role_arn": "arn:aws:iam::674095511305:role/LabRole",
            "role_id": "AROAZZ4ZZG4E5I377DNLK",
            "role_name": "LabRole"
          },
          "sensitive_attributes": []
        }
      ]
    },
    {
      "module": "module.ec2",
      "mode": "data",
      "type": "aws_region",
      "name": "current",
      "provider": "provider[\"registry.terraform.io/hashicorp/aws\"]",
      "instances": [
        {
          "schema_version": 0,
          "attributes": {
            "description": "US East (N. Virginia)",
            "endpoint": "ec2.us-east-1.amazonaws.com",
            "id": "us-east-1",
            "name": "us-east-1"
          },
          "sensitive_attributes": []
        }
      ]
    },
    {
      "module": "module.ec2",
      "mode": "managed",
      "type": "aws_instance",
      "name": "app",
      "provider": "provider[\"registry.terraform.io/hashicorp/aws\"]",
      "instances": [
        {
          "schema_version": 1,
          "attributes": {
            "ami": "ami-0c101f26f147fa7fd",
            "arn": "arn:aws:ec2:us-east-1:674095511305:instance/i-0078c85511b840745",
            "associate_public_ip_address": true,
            "availability_zone": "us-east-1b",
            "capacity_reservation_specification": [
              {
                "capacity_reservation_preference": "open",
                "capacity_reservation_target": []
              }
            ],
            "cpu_core_count": 1,
            "cpu_options": [
              {
                "amd_sev_snp": "",
                "core_count": 1,
                "threads_per_core": 2
              }
            ],
            "cpu_threads_per_core": 2,
            "credit_specification": [
              {
                "cpu_credits": "unlimited"
              }
            ],
            "disable_api_stop": false,
            "disable_api_termination": false,
            "ebs_block_device": [],
            "ebs_optimized": false,
            "enable_primary_ipv6": null,
            "enclave_options": [
              {
                "enabled": false
              }
            ],
            "ephemeral_block_device": [],
            "get_password_data": false,
            "hibernation": false,
            "host_id": "",
            "host_resource_group_arn": null,
            "iam_instance_profile": "LabInstanceProfile",
            "id": "i-0078c85511b840745",
            "instance_initiated_shutdown_behavior": "stop",
            "instance_lifecycle": "",
            "instance_market_options": [],
            "instance_state": "running",
            "instance_type": "t3.medium",
            "ipv6_address_count": 0,
            "ipv6_addresses": [],
            "key_name": "",
            "launch_template": [],
            "maintenance_options": [
              {
                "auto_recovery": "default"
              }
            ],
            "metadata_options": [
              {
                "http_endpoint": "enabled",
                "http_protocol_ipv6": "disabled",
                "http_put_response_hop_limit": 2,
                "http_tokens": "required",
                "instance_metadata_tags": "disabled"
              }
            ],
            "monitoring": false,
            "network_interface": [],
            "outpost_arn": "",
            "password_data": "",
            "placement_group": "",
            "placement_partition_number": 0,
            "primary_network_interface_id": "eni-0a012608aeb97d2a2",
            "private_dns": "ip-10-0-1-151.ec2.internal",
            "private_dns_name_options": [
              {
                "enable_resource_name_dns_a_record": false,
                "enable_resource_name_dns_aaaa_record": false,
                "hostname_type": "ip-name"
              }
            ],
            "private_ip": "10.0.1.151",
            "public_dns": "ec2-34-207-140-100.compute-1.amazonaws.com",
            "public_ip": "34.207.140.100",
            "root_block_device": [
              {
                "delete_on_termination": true,
                "device_name": "/dev/xvda",
                "encrypted": false,
                "iops": 3000,
                "kms_key_id": "",
                "tags": {
                  "Environment": "staging",
                  "ManagedBy": "terraform",
                  "Project": "banking-peak-load"
                },
                "tags_all": {
                  "Environment": "staging",
                  "ManagedBy": "terraform",
                  "Project": "banking-peak-load"
                },
                "throughput": 125,
                "volume_id": "vol-09df7bb15b9f7f933",
                "volume_size": 8,
                "volume_type": "gp3"
              }
            ],
            "secondary_private_ips": [],
            "security_groups": [],
            "source_dest_check": true,
            "spot_instance_request_id": "",
            "subnet_id": "subnet-01097374bbe745e98",
            "tags": {
              "Name": "banking-peak-load-staging-app"
            },
            "tags_all": {
              "Environment": "staging",
              "ManagedBy": "terraform",
              "Name": "banking-peak-load-staging-app",
              "Project": "banking-peak-load"
            },
            "tenancy": "default",
            "timeouts": null,
            "user_data": "578196a02e3bb8cdd3a339af51d995f860322466",
            "user_data_base64": null,
            "user_data_replace_on_change": false,
            "volume_tags": null,
            "vpc_security_group_ids": [
              "sg-068d14f28840854a5"
            ]
          },
          "sensitive_attributes": [
            [
              {
                "type": "get_attr",
                "value": "user_data"
              }
            ]
          ],
          "private": "eyJlMmJmYjczMC1lY2FhLTExZTYtOGY4OC0zNDM2M2JjN2M0YzAiOnsiY3JlYXRlIjo2MDAwMDAwMDAwMDAsImRlbGV0ZSI6MTIwMDAwMDAwMDAwMCwicmVhZCI6OTAwMDAwMDAwMDAwLCJ1cGRhdGUiOjYwMDAwMDAwMDAwMH0sInNjaGVtYV92ZXJzaW9uIjoiMSJ9",
          "dependencies": [
            "module.ec2.aws_security_group.app",
            "module.ec2.data.aws_iam_instance_profile.lab",
            "module.ec2.data.aws_region.current",
            "module.ecr.aws_ecr_repository.app",
            "module.elasticache.aws_elasticache_cluster.redis",
            "module.elasticache.aws_elasticache_subnet_group.main",
            "module.elasticache.aws_security_group.redis",
            "module.rds.aws_db_instance.primary",
            "module.rds.aws_db_instance.replica",
            "module.rds.aws_db_subnet_group.main",
            "module.rds.aws_security_group.rds"
          ]
        }
      ]
    },
    {
      "module": "module.ec2",
      "mode": "managed",
      "type": "aws_lb_target_group_attachment",
      "name": "app",
      "provider": "provider[\"registry.terraform.io/hashicorp/aws\"]",
      "instances": [
        {
          "schema_version": 0,
          "attributes": {
            "availability_zone": null,
            "id": "arn:aws:elasticloadbalancing:us-east-1:674095511305:targetgroup/banking-peak-load-staging-tg/b0d897b47723ff22-20260506065755380500000002",
            "port": 8080,
            "target_group_arn": "arn:aws:elasticloadbalancing:us-east-1:674095511305:targetgroup/banking-peak-load-staging-tg/b0d897b47723ff22",
            "target_id": "i-0078c85511b840745"
          },
          "sensitive_attributes": [],
          "private": "bnVsbA==",
          "dependencies": [
            "module.alb.aws_lb_target_group.app",
            "module.ec2.aws_instance.app",
            "module.ec2.aws_security_group.app",
            "module.ec2.data.aws_iam_instance_profile.lab",
            "module.ec2.data.aws_region.current",
            "module.ecr.aws_ecr_repository.app",
            "module.elasticache.aws_elasticache_cluster.redis",
            "module.elasticache.aws_elasticache_subnet_group.main",
            "module.elasticache.aws_security_group.redis",
            "module.rds.aws_db_instance.primary",
            "module.rds.aws_db_instance.replica",
            "module.rds.aws_db_subnet_group.main",
            "module.rds.aws_security_group.rds"
          ]
        }
      ]
    },
    {
      "module": "module.ec2",
      "mode": "managed",
      "type": "aws_security_group",
      "name": "app",
      "provider": "provider[\"registry.terraform.io/hashicorp/aws\"]",
      "instances": [
        {
          "schema_version": 1,
          "attributes": {
            "arn": "arn:aws:ec2:us-east-1:674095511305:security-group/sg-068d14f28840854a5",
            "description": "Managed by Terraform",
            "egress": [
              {
                "cidr_blocks": [
                  "0.0.0.0/0"
                ],
                "description": "",
                "from_port": 0,
                "ipv6_cidr_blocks": [],
                "prefix_list_ids": [],
                "protocol": "-1",
                "security_groups": [],
                "self": false,
                "to_port": 0
              }
            ],
            "id": "sg-068d14f28840854a5",
            "ingress": [
              {
                "cidr_blocks": [
                  "0.0.0.0/0"
                ],
                "description": "",
                "from_port": 22,
                "ipv6_cidr_blocks": [],
                "prefix_list_ids": [],
                "protocol": "tcp",
                "security_groups": [],
                "self": false,
                "to_port": 22
              },
              {
                "cidr_blocks": [
                  "10.0.0.0/16"
                ],
                "description": "",
                "from_port": 8080,
                "ipv6_cidr_blocks": [],
                "prefix_list_ids": [],
                "protocol": "tcp",
                "security_groups": [],
                "self": false,
                "to_port": 8080
              }
            ],
            "name": "banking-peak-load-staging-app-sg",
            "name_prefix": "",
            "owner_id": "674095511305",
            "revoke_rules_on_delete": false,
            "tags": {
              "Name": "banking-peak-load-staging-app-sg"
            },
            "tags_all": {
              "Environment": "staging",
              "ManagedBy": "terraform",
              "Name": "banking-peak-load-staging-app-sg",
              "Project": "banking-peak-load"
            },
            "timeouts": null,
            "vpc_id": "vpc-05eb0f2c95e957acb"
          },
          "sensitive_attributes": [],
          "private": "eyJlMmJmYjczMC1lY2FhLTExZTYtOGY4OC0zNDM2M2JjN2M0YzAiOnsiY3JlYXRlIjo2MDAwMDAwMDAwMDAsImRlbGV0ZSI6OTAwMDAwMDAwMDAwfSwic2NoZW1hX3ZlcnNpb24iOiIxIn0="
        }
      ]
    },
    {
      "module": "module.ecr",
      "mode": "managed",
      "type": "aws_ecr_lifecycle_policy",
      "name": "app",
      "provider": "provider[\"registry.terraform.io/hashicorp/aws\"]",
      "instances": [
        {
          "schema_version": 0,
          "attributes": {
            "id": "banking-peak-load-staging",
            "policy": "{\"rules\":[{\"action\":{\"type\":\"expire\"},\"description\":\"Keep last 5 images\",\"rulePriority\":1,\"selection\":{\"countNumber\":5,\"countType\":\"imageCountMoreThan\",\"tagStatus\":\"any\"}}]}",
            "registry_id": "674095511305",
            "repository": "banking-peak-load-staging"
          },
          "sensitive_attributes": [],
          "private": "bnVsbA==",
          "dependencies": [
            "module.ecr.aws_ecr_repository.app"
          ]
        }
      ]
    },
    {
      "module": "module.ecr",
      "mode": "managed",
      "type": "aws_ecr_repository",
      "name": "app",
      "provider": "provider[\"registry.terraform.io/hashicorp/aws\"]",
      "instances": [
        {
          "schema_version": 0,
          "attributes": {
            "arn": "arn:aws:ecr:us-east-1:674095511305:repository/banking-peak-load-staging",
            "encryption_configuration": [
              {
                "encryption_type": "AES256",
                "kms_key": ""
              }
            ],
            "force_delete": null,
            "id": "banking-peak-load-staging",
            "image_scanning_configuration": [
              {
                "scan_on_push": true
              }
            ],
            "image_tag_mutability": "MUTABLE",
            "name": "banking-peak-load-staging",
            "registry_id": "674095511305",
            "repository_url": "674095511305.dkr.ecr.us-east-1.amazonaws.com/banking-peak-load-staging",
            "tags": {},
            "tags_all": {
              "Environment": "staging",
              "ManagedBy": "terraform",
              "Project": "banking-peak-load"
            },
            "timeouts": null
          },
          "sensitive_attributes": [],
          "private": "eyJlMmJmYjczMC1lY2FhLTExZTYtOGY4OC0zNDM2M2JjN2M0YzAiOnsiZGVsZXRlIjoxMjAwMDAwMDAwMDAwfSwic2NoZW1hX3ZlcnNpb24iOiIwIn0="
        }
      ]
    },
    {
      "module": "module.elasticache",
      "mode": "managed",
      "type": "aws_elasticache_cluster",
      "name": "redis",
      "provider": "provider[\"registry.terraform.io/hashicorp/aws\"]",
      "instances": [
        {
          "schema_version": 0,
          "attributes": {
            "apply_immediately": null,
            "arn": "arn:aws:elasticache:us-east-1:674095511305:cluster:banking-peak-load-staging",
            "auto_minor_version_upgrade": "true",
            "availability_zone": "us-east-1a",
            "az_mode": "single-az",
            "cache_nodes": [
              {
                "address": "banking-peak-load-staging.7dujtz.0001.use1.cache.amazonaws.com",
                "availability_zone": "us-east-1a",
                "id": "0001",
                "outpost_arn": "",
                "port": 6379
              }
            ],
            "cluster_address": null,
            "cluster_id": "banking-peak-load-staging",
            "configuration_endpoint": null,
            "engine": "redis",
            "engine_version": "7.1",
            "engine_version_actual": "7.1.0",
            "final_snapshot_identifier": null,
            "id": "banking-peak-load-staging",
            "ip_discovery": "ipv4",
            "log_delivery_configuration": [],
            "maintenance_window": "fri:03:30-fri:04:30",
            "network_type": "ipv4",
            "node_type": "cache.t3.micro",
            "notification_topic_arn": null,
            "num_cache_nodes": 1,
            "outpost_mode": null,
            "parameter_group_name": "default.redis7",
            "port": 6379,
            "preferred_availability_zones": null,
            "preferred_outpost_arn": "",
            "replication_group_id": "",
            "security_group_ids": [
              "sg-0b59976cc2dff5135"
            ],
            "snapshot_arns": null,
            "snapshot_name": null,
            "snapshot_retention_limit": 0,
            "snapshot_window": "10:00-11:00",
            "subnet_group_name": "banking-peak-load-staging-redis-subnet",
            "tags": {
              "Name": "banking-peak-load-staging-redis"
            },
            "tags_all": {
              "Environment": "staging",
              "ManagedBy": "terraform",
              "Name": "banking-peak-load-staging-redis",
              "Project": "banking-peak-load"
            },
            "timeouts": null,
            "transit_encryption_enabled": false
          },
          "sensitive_attributes": [],
          "private": "eyJlMmJmYjczMC1lY2FhLTExZTYtOGY4OC0zNDM2M2JjN2M0YzAiOnsiY3JlYXRlIjoyNDAwMDAwMDAwMDAwLCJkZWxldGUiOjI0MDAwMDAwMDAwMDAsInVwZGF0ZSI6NDgwMDAwMDAwMDAwMH0sInNjaGVtYV92ZXJzaW9uIjoiMCJ9",
          "dependencies": [
            "module.ec2.aws_security_group.app",
            "module.elasticache.aws_elasticache_subnet_group.main",
            "module.elasticache.aws_security_group.redis"
          ]
        }
      ]
    },
    {
      "module": "module.elasticache",
      "mode": "managed",
      "type": "aws_elasticache_subnet_group",
      "name": "main",
      "provider": "provider[\"registry.terraform.io/hashicorp/aws\"]",
      "instances": [
        {
          "schema_version": 0,
          "attributes": {
            "arn": "arn:aws:elasticache:us-east-1:674095511305:subnetgroup:banking-peak-load-staging-redis-subnet",
            "description": "Managed by Terraform",
            "id": "banking-peak-load-staging-redis-subnet",
            "name": "banking-peak-load-staging-redis-subnet",
            "subnet_ids": [
              "subnet-0a9a42c2a4edf3f88",
              "subnet-0fdefbdecff308fb3"
            ],
            "tags": {},
            "tags_all": {
              "Environment": "staging",
              "ManagedBy": "terraform",
              "Project": "banking-peak-load"
            },
            "vpc_id": "vpc-05eb0f2c95e957acb"
          },
          "sensitive_attributes": [],
          "private": "bnVsbA=="
        }
      ]
    },
    {
      "module": "module.elasticache",
      "mode": "managed",
      "type": "aws_security_group",
      "name": "redis",
      "provider": "provider[\"registry.terraform.io/hashicorp/aws\"]",
      "instances": [
        {
          "schema_version": 1,
          "attributes": {
            "arn": "arn:aws:ec2:us-east-1:674095511305:security-group/sg-0b59976cc2dff5135",
            "description": "Managed by Terraform",
            "egress": [
              {
                "cidr_blocks": [
                  "0.0.0.0/0"
                ],
                "description": "",
                "from_port": 0,
                "ipv6_cidr_blocks": [],
                "prefix_list_ids": [],
                "protocol": "-1",
                "security_groups": [],
                "self": false,
                "to_port": 0
              }
            ],
            "id": "sg-0b59976cc2dff5135",
            "ingress": [
              {
                "cidr_blocks": [],
                "description": "",
                "from_port": 6379,
                "ipv6_cidr_blocks": [],
                "prefix_list_ids": [],
                "protocol": "tcp",
                "security_groups": [
                  "sg-068d14f28840854a5"
                ],
                "self": false,
                "to_port": 6379
              }
            ],
            "name": "banking-peak-load-staging-redis-sg",
            "name_prefix": "",
            "owner_id": "674095511305",
            "revoke_rules_on_delete": null,
            "tags": {
              "Name": "banking-peak-load-staging-redis-sg"
            },
            "tags_all": {
              "Environment": "staging",
              "ManagedBy": "terraform",
              "Name": "banking-peak-load-staging-redis-sg",
              "Project": "banking-peak-load"
            },
            "timeouts": null,
            "vpc_id": "vpc-05eb0f2c95e957acb"
          },
          "sensitive_attributes": [],
          "private": "eyJlMmJmYjczMC1lY2FhLTExZTYtOGY4OC0zNDM2M2JjN2M0YzAiOnsiY3JlYXRlIjo2MDAwMDAwMDAwMDAsImRlbGV0ZSI6OTAwMDAwMDAwMDAwfSwic2NoZW1hX3ZlcnNpb24iOiIxIn0=",
          "dependencies": [
            "module.ec2.aws_security_group.app"
          ]
        }
      ]
    },
    {
      "module": "module.rds",
      "mode": "managed",
      "type": "aws_db_instance",
      "name": "primary",
      "provider": "provider[\"registry.terraform.io/hashicorp/aws\"]",
      "instances": [
        {
          "schema_version": 2,
          "attributes": {
            "address": "banking-peak-load-staging-primary.caiwqtcvnwea.us-east-1.rds.amazonaws.com",
            "allocated_storage": 20,
            "allow_major_version_upgrade": null,
            "apply_immediately": false,
            "arn": "arn:aws:rds:us-east-1:674095511305:db:banking-peak-load-staging-primary",
            "auto_minor_version_upgrade": true,
            "availability_zone": "us-east-1b",
            "backup_retention_period": 1,
            "backup_target": "region",
            "backup_window": "03:34-04:04",
            "blue_green_update": [],
            "ca_cert_identifier": "rds-ca-rsa2048-g1",
            "character_set_name": "",
            "copy_tags_to_snapshot": false,
            "custom_iam_instance_profile": "",
            "customer_owned_ip_enabled": false,
            "database_insights_mode": "standard",
            "db_name": "banking",
            "db_subnet_group_name": "banking-peak-load-staging-db-subnet",
            "dedicated_log_volume": false,
            "delete_automated_backups": true,
            "deletion_protection": false,
            "domain": "",
            "domain_auth_secret_arn": "",
            "domain_dns_ips": [],
            "domain_fqdn": "",
            "domain_iam_role_name": "",
            "domain_ou": "",
            "enabled_cloudwatch_logs_exports": [],
            "endpoint": "banking-peak-load-staging-primary.caiwqtcvnwea.us-east-1.rds.amazonaws.com:5432",
            "engine": "postgres",
            "engine_lifecycle_support": "open-source-rds-extended-support",
            "engine_version": "16",
            "engine_version_actual": "16.13",
            "final_snapshot_identifier": null,
            "hosted_zone_id": "Z2R2ITUGPM61AM",
            "iam_database_authentication_enabled": false,
            "id": "db-UKH2TINA5UWGJYNSULT2SY3QTE",
            "identifier": "banking-peak-load-staging-primary",
            "identifier_prefix": "",
            "instance_class": "db.t3.micro",
            "iops": 3000,
            "kms_key_id": "",
            "latest_restorable_time": "2026-05-06T06:49:30Z",
            "license_model": "postgresql-license",
            "listener_endpoint": [],
            "maintenance_window": "mon:05:21-mon:05:51",
            "manage_master_user_password": null,
            "master_user_secret": [],
            "master_user_secret_kms_key_id": null,
            "max_allocated_storage": 0,
            "monitoring_interval": 0,
            "monitoring_role_arn": "",
            "multi_az": false,
            "nchar_character_set_name": "",
            "network_type": "IPV4",
            "option_group_name": "default:postgres-16",
            "parameter_group_name": "default.postgres16",
            "password": "Admin123!!ABC",
            "password_wo": null,
            "password_wo_version": null,
            "performance_insights_enabled": false,
            "performance_insights_kms_key_id": "",
            "performance_insights_retention_period": 0,
            "port": 5432,
            "publicly_accessible": false,
            "replica_mode": "",
            "replicas": [
              "banking-peak-load-staging-replica"
            ],
            "replicate_source_db": "",
            "resource_id": "db-UKH2TINA5UWGJYNSULT2SY3QTE",
            "restore_to_point_in_time": [],
            "s3_import": [],
            "skip_final_snapshot": true,
            "snapshot_identifier": null,
            "status": "available",
            "storage_encrypted": false,
            "storage_throughput": 125,
            "storage_type": "gp3",
            "tags": {
              "Name": "banking-peak-load-staging-primary"
            },
            "tags_all": {
              "Environment": "staging",
              "ManagedBy": "terraform",
              "Name": "banking-peak-load-staging-primary",
              "Project": "banking-peak-load"
            },
            "timeouts": null,
            "timezone": "",
            "upgrade_storage_config": null,
            "username": "postgres",
            "vpc_security_group_ids": [
              "sg-08af067ec89c4a3ab"
            ]
          },
          "sensitive_attributes": [
            [
              {
                "type": "get_attr",
                "value": "password"
              }
            ]
          ],
          "private": "eyJlMmJmYjczMC1lY2FhLTExZTYtOGY4OC0zNDM2M2JjN2M0YzAiOnsiY3JlYXRlIjozMDAwMDAwMDAwMDAwLCJkZWxldGUiOjM2MDAwMDAwMDAwMDAsInVwZGF0ZSI6NDgwMDAwMDAwMDAwMH0sInNjaGVtYV92ZXJzaW9uIjoiMiJ9",
          "dependencies": [
            "module.ec2.aws_security_group.app",
            "module.rds.aws_db_subnet_group.main",
            "module.rds.aws_security_group.rds"
          ]
        }
      ]
    },
    {
      "module": "module.rds",
      "mode": "managed",
      "type": "aws_db_instance",
      "name": "replica",
      "provider": "provider[\"registry.terraform.io/hashicorp/aws\"]",
      "instances": [
        {
          "schema_version": 2,
          "attributes": {
            "address": "banking-peak-load-staging-replica.caiwqtcvnwea.us-east-1.rds.amazonaws.com",
            "allocated_storage": 20,
            "allow_major_version_upgrade": null,
            "apply_immediately": null,
            "arn": "arn:aws:rds:us-east-1:674095511305:db:banking-peak-load-staging-replica",
            "auto_minor_version_upgrade": true,
            "availability_zone": "us-east-1b",
            "backup_retention_period": 0,
            "backup_target": "region",
            "backup_window": "03:34-04:04",
            "blue_green_update": [],
            "ca_cert_identifier": "rds-ca-rsa2048-g1",
            "character_set_name": "",
            "copy_tags_to_snapshot": false,
            "custom_iam_instance_profile": "",
            "customer_owned_ip_enabled": false,
            "database_insights_mode": "standard",
            "db_name": "banking",
            "db_subnet_group_name": "banking-peak-load-staging-db-subnet",
            "dedicated_log_volume": false,
            "delete_automated_backups": true,
            "deletion_protection": false,
            "domain": "",
            "domain_auth_secret_arn": "",
            "domain_dns_ips": [],
            "domain_fqdn": "",
            "domain_iam_role_name": "",
            "domain_ou": "",
            "enabled_cloudwatch_logs_exports": [],
            "endpoint": "banking-peak-load-staging-replica.caiwqtcvnwea.us-east-1.rds.amazonaws.com:5432",
            "engine": "postgres",
            "engine_lifecycle_support": "open-source-rds-extended-support",
            "engine_version": "16.13",
            "engine_version_actual": "16.13",
            "final_snapshot_identifier": null,
            "hosted_zone_id": "Z2R2ITUGPM61AM",
            "iam_database_authentication_enabled": false,
            "id": "db-FBTOIEEPEJFUAMGBRR47ZGTFJ4",
            "identifier": "banking-peak-load-staging-replica",
            "identifier_prefix": "",
            "instance_class": "db.t3.micro",
            "iops": 3000,
            "kms_key_id": "",
            "latest_restorable_time": "",
            "license_model": "postgresql-license",
            "listener_endpoint": [],
            "maintenance_window": "mon:05:21-mon:05:51",
            "manage_master_user_password": null,
            "master_user_secret": [],
            "master_user_secret_kms_key_id": null,
            "max_allocated_storage": 0,
            "monitoring_interval": 0,
            "monitoring_role_arn": "",
            "multi_az": false,
            "nchar_character_set_name": "",
            "network_type": "IPV4",
            "option_group_name": "default:postgres-16",
            "parameter_group_name": "default.postgres16",
            "password": null,
            "password_wo": null,
            "password_wo_version": null,
            "performance_insights_enabled": false,
            "performance_insights_kms_key_id": "",
            "performance_insights_retention_period": 0,
            "port": 5432,
            "publicly_accessible": false,
            "replica_mode": "",
            "replicas": [],
            "replicate_source_db": "banking-peak-load-staging-primary",
            "resource_id": "db-FBTOIEEPEJFUAMGBRR47ZGTFJ4",
            "restore_to_point_in_time": [],
            "s3_import": [],
            "skip_final_snapshot": true,
            "snapshot_identifier": null,
            "status": "available",
            "storage_encrypted": false,
            "storage_throughput": 125,
            "storage_type": "gp3",
            "tags": {
              "Name": "banking-peak-load-staging-replica"
            },
            "tags_all": {
              "Environment": "staging",
              "ManagedBy": "terraform",
              "Name": "banking-peak-load-staging-replica",
              "Project": "banking-peak-load"
            },
            "timeouts": null,
            "timezone": "",
            "upgrade_storage_config": null,
            "username": "postgres",
            "vpc_security_group_ids": [
              "sg-08af067ec89c4a3ab"
            ]
          },
          "sensitive_attributes": [],
          "private": "eyJlMmJmYjczMC1lY2FhLTExZTYtOGY4OC0zNDM2M2JjN2M0YzAiOnsiY3JlYXRlIjozMDAwMDAwMDAwMDAwLCJkZWxldGUiOjM2MDAwMDAwMDAwMDAsInVwZGF0ZSI6NDgwMDAwMDAwMDAwMH0sInNjaGVtYV92ZXJzaW9uIjoiMiJ9",
          "dependencies": [
            "module.ec2.aws_security_group.app",
            "module.rds.aws_db_instance.primary",
            "module.rds.aws_db_subnet_group.main",
            "module.rds.aws_security_group.rds"
          ]
        }
      ]
    },
    {
      "module": "module.rds",
      "mode": "managed",
      "type": "aws_db_subnet_group",
      "name": "main",
      "provider": "provider[\"registry.terraform.io/hashicorp/aws\"]",
      "instances": [
        {
          "schema_version": 0,
          "attributes": {
            "arn": "arn:aws:rds:us-east-1:674095511305:subgrp:banking-peak-load-staging-db-subnet",
            "description": "Managed by Terraform",
            "id": "banking-peak-load-staging-db-subnet",
            "name": "banking-peak-load-staging-db-subnet",
            "name_prefix": "",
            "subnet_ids": [
              "subnet-0a9a42c2a4edf3f88",
              "subnet-0fdefbdecff308fb3"
            ],
            "supported_network_types": [
              "IPV4"
            ],
            "tags": {},
            "tags_all": {
              "Environment": "staging",
              "ManagedBy": "terraform",
              "Project": "banking-peak-load"
            },
            "vpc_id": "vpc-05eb0f2c95e957acb"
          },
          "sensitive_attributes": [],
          "private": "bnVsbA=="
        }
      ]
    },
    {
      "module": "module.rds",
      "mode": "managed",
      "type": "aws_security_group",
      "name": "rds",
      "provider": "provider[\"registry.terraform.io/hashicorp/aws\"]",
      "instances": [
        {
          "schema_version": 1,
          "attributes": {
            "arn": "arn:aws:ec2:us-east-1:674095511305:security-group/sg-08af067ec89c4a3ab",
            "description": "Managed by Terraform",
            "egress": [
              {
                "cidr_blocks": [
                  "0.0.0.0/0"
                ],
                "description": "",
                "from_port": 0,
                "ipv6_cidr_blocks": [],
                "prefix_list_ids": [],
                "protocol": "-1",
                "security_groups": [],
                "self": false,
                "to_port": 0
              }
            ],
            "id": "sg-08af067ec89c4a3ab",
            "ingress": [
              {
                "cidr_blocks": [],
                "description": "",
                "from_port": 5432,
                "ipv6_cidr_blocks": [],
                "prefix_list_ids": [],
                "protocol": "tcp",
                "security_groups": [
                  "sg-068d14f28840854a5"
                ],
                "self": false,
                "to_port": 5432
              }
            ],
            "name": "banking-peak-load-staging-rds-sg",
            "name_prefix": "",
            "owner_id": "674095511305",
            "revoke_rules_on_delete": null,
            "tags": {
              "Name": "banking-peak-load-staging-rds-sg"
            },
            "tags_all": {
              "Environment": "staging",
              "ManagedBy": "terraform",
              "Name": "banking-peak-load-staging-rds-sg",
              "Project": "banking-peak-load"
            },
            "timeouts": null,
            "vpc_id": "vpc-05eb0f2c95e957acb"
          },
          "sensitive_attributes": [],
          "private": "eyJlMmJmYjczMC1lY2FhLTExZTYtOGY4OC0zNDM2M2JjN2M0YzAiOnsiY3JlYXRlIjo2MDAwMDAwMDAwMDAsImRlbGV0ZSI6OTAwMDAwMDAwMDAwfSwic2NoZW1hX3ZlcnNpb24iOiIxIn0=",
          "dependencies": [
            "module.ec2.aws_security_group.app"
          ]
        }
      ]
    }
  ],
  "check_results": null
}
